// !$*UTF8*$!
{
	archiveVersion = 1;
	classes = {
	};
	objectVersion = 46;
	objects = {

/* Begin PBXBuildFile section */
		50B1A5301CE98CE900390BE2 /* TV_Shows_VC.swift in Sources */ = {isa = PBXBuildFile; fileRef = 50B1A52F1CE98CE900390BE2 /* TV_Shows_VC.swift */; };
		50B1A5321CE98CFF00390BE2 /* Movies_VC.swift in Sources */ = {isa = PBXBuildFile; fileRef = 50B1A5311CE98CFF00390BE2 /* Movies_VC.swift */; };
		50B1A5381CE98D9700390BE2 /* Search_VC.swift in Sources */ = {isa = PBXBuildFile; fileRef = 50B1A5371CE98D9700390BE2 /* Search_VC.swift */; };
		50E75A6B1CE636B800D93848 /* AppDelegate.swift in Sources */ = {isa = PBXBuildFile; fileRef = 50E75A6A1CE636B800D93848 /* AppDelegate.swift */; };
		50E75A701CE636B800D93848 /* Main.storyboard in Resources */ = {isa = PBXBuildFile; fileRef = 50E75A6E1CE636B800D93848 /* Main.storyboard */; };
		50E75A731CE636B800D93848 /* FavoriteMovies.xcdatamodeld in Sources */ = {isa = PBXBuildFile; fileRef = 50E75A711CE636B800D93848 /* FavoriteMovies.xcdatamodeld */; };
		50E75A751CE636B800D93848 /* Assets.xcassets in Resources */ = {isa = PBXBuildFile; fileRef = 50E75A741CE636B800D93848 /* Assets.xcassets */; };
		50E75A781CE636B800D93848 /* LaunchScreen.storyboard in Resources */ = {isa = PBXBuildFile; fileRef = 50E75A761CE636B800D93848 /* LaunchScreen.storyboard */; };
		50E75A831CE636B800D93848 /* FavoriteMoviesTests.swift in Sources */ = {isa = PBXBuildFile; fileRef = 50E75A821CE636B800D93848 /* FavoriteMoviesTests.swift */; };
		50E75A8E1CE636B800D93848 /* FavoriteMoviesUITests.swift in Sources */ = {isa = PBXBuildFile; fileRef = 50E75A8D1CE636B800D93848 /* FavoriteMoviesUITests.swift */; };
/* End PBXBuildFile section */

/* Begin PBXContainerItemProxy section */
		50E75A7F1CE636B800D93848 /* PBXContainerItemProxy */ = {
			isa = PBXContainerItemProxy;
			containerPortal = 50E75A5F1CE636B800D93848 /* Project object */;
			proxyType = 1;
			remoteGlobalIDString = 50E75A661CE636B800D93848;
			remoteInfo = FavoriteMovies;
		};
		50E75A8A1CE636B800D93848 /* PBXContainerItemProxy */ = {
			isa = PBXContainerItemProxy;
			containerPortal = 50E75A5F1CE636B800D93848 /* Project object */;
			proxyType = 1;
			remoteGlobalIDString = 50E75A661CE636B800D93848;
			remoteInfo = FavoriteMovies;
		};
/* End PBXContainerItemProxy section */

/* Begin PBXFileReference section */
		50B1A52F1CE98CE900390BE2 /* TV_Shows_VC.swift */ = {isa = PBXFileReference; fileEncoding = 4; lastKnownFileType = sourcecode.swift; path = TV_Shows_VC.swift; sourceTree = "<group>"; };
		50B1A5311CE98CFF00390BE2 /* Movies_VC.swift */ = {isa = PBXFileReference; fileEncoding = 4; lastKnownFileType = sourcecode.swift; path = Movies_VC.swift; sourceTree = "<group>"; };
		50B1A5371CE98D9700390BE2 /* Search_VC.swift */ = {isa = PBXFileReference; fileEncoding = 4; lastKnownFileType = sourcecode.swift; path = Search_VC.swift; sourceTree = "<group>"; };
		50E75A671CE636B800D93848 /* FavoriteMovies.app */ = {isa = PBXFileReference; explicitFileType = wrapper.application; includeInIndex = 0; path = FavoriteMovies.app; sourceTree = BUILT_PRODUCTS_DIR; };
		50E75A6A1CE636B800D93848 /* AppDelegate.swift */ = {isa = PBXFileReference; lastKnownFileType = sourcecode.swift; path = AppDelegate.swift; sourceTree = "<group>"; };
		50E75A6F1CE636B800D93848 /* Base */ = {isa = PBXFileReference; lastKnownFileType = file.storyboard; name = Base; path = Base.lproj/Main.storyboard; sourceTree = "<group>"; };
		50E75A721CE636B800D93848 /* FavoriteMovies.xcdatamodel */ = {isa = PBXFileReference; lastKnownFileType = wrapper.xcdatamodel; path = FavoriteMovies.xcdatamodel; sourceTree = "<group>"; };
		50E75A741CE636B800D93848 /* Assets.xcassets */ = {isa = PBXFileReference; lastKnownFileType = folder.assetcatalog; path = Assets.xcassets; sourceTree = "<group>"; };
		50E75A771CE636B800D93848 /* Base */ = {isa = PBXFileReference; lastKnownFileType = file.storyboard; name = Base; path = Base.lproj/LaunchScreen.storyboard; sourceTree = "<group>"; };
		50E75A791CE636B800D93848 /* Info.plist */ = {isa = PBXFileReference; lastKnownFileType = text.plist.xml; path = Info.plist; sourceTree = "<group>"; };
		50E75A7E1CE636B800D93848 /* FavoriteMoviesTests.xctest */ = {isa = PBXFileReference; explicitFileType = wrapper.cfbundle; includeInIndex = 0; path = FavoriteMoviesTests.xctest; sourceTree = BUILT_PRODUCTS_DIR; };
		50E75A821CE636B800D93848 /* FavoriteMoviesTests.swift */ = {isa = PBXFileReference; lastKnownFileType = sourcecode.swift; path = FavoriteMoviesTests.swift; sourceTree = "<group>"; };
		50E75A841CE636B800D93848 /* Info.plist */ = {isa = PBXFileReference; lastKnownFileType = text.plist.xml; path = Info.plist; sourceTree = "<group>"; };
		50E75A891CE636B800D93848 /* FavoriteMoviesUITests.xctest */ = {isa = PBXFileReference; explicitFileType = wrapper.cfbundle; includeInIndex = 0; path = FavoriteMoviesUITests.xctest; sourceTree = BUILT_PRODUCTS_DIR; };
		50E75A8D1CE636B800D93848 /* FavoriteMoviesUITests.swift */ = {isa = PBXFileReference; lastKnownFileType = sourcecode.swift; path = FavoriteMoviesUITests.swift; sourceTree = "<group>"; };
		50E75A8F1CE636B800D93848 /* Info.plist */ = {isa = PBXFileReference; lastKnownFileType = text.plist.xml; path = Info.plist; sourceTree = "<group>"; };
/* End PBXFileReference section */

/* Begin PBXFrameworksBuildPhase section */
		50E75A641CE636B800D93848 /* Frameworks */ = {
			isa = PBXFrameworksBuildPhase;
			buildActionMask = 2147483647;
			files = (
			);
			runOnlyForDeploymentPostprocessing = 0;
		};
		50E75A7B1CE636B800D93848 /* Frameworks */ = {
			isa = PBXFrameworksBuildPhase;
			buildActionMask = 2147483647;
			files = (
			);
			runOnlyForDeploymentPostprocessing = 0;
		};
		50E75A861CE636B800D93848 /* Frameworks */ = {
			isa = PBXFrameworksBuildPhase;
			buildActionMask = 2147483647;
			files = (
			);
			runOnlyForDeploymentPostprocessing = 0;
		};
/* End PBXFrameworksBuildPhase section */

/* Begin PBXGroup section */
		50B1A5331CE98D0E00390BE2 /* Model */ = {
			isa = PBXGroup;
			children = (
				50E75A711CE636B800D93848 /* FavoriteMovies.xcdatamodeld */,
			);
			name = Model;
			sourceTree = "<group>";
		};
		50B1A5341CE98D1600390BE2 /* View */ = {
			isa = PBXGroup;
			children = (
				50E75A761CE636B800D93848 /* LaunchScreen.storyboard */,
				50E75A6E1CE636B800D93848 /* Main.storyboard */,
			);
			name = View;
			sourceTree = "<group>";
		};
		50B1A5351CE98D1D00390BE2 /* Controller */ = {
			isa = PBXGroup;
			children = (
				50B1A52F1CE98CE900390BE2 /* TV_Shows_VC.swift */,
				50B1A5311CE98CFF00390BE2 /* Movies_VC.swift */,
				50B1A5371CE98D9700390BE2 /* Search_VC.swift */,
			);
			name = Controller;
			sourceTree = "<group>";
		};
		50B1A5361CE98D3C00390BE2 /* Supporting Files */ = {
			isa = PBXGroup;
			children = (
				50E75A741CE636B800D93848 /* Assets.xcassets */,
				50E75A6A1CE636B800D93848 /* AppDelegate.swift */,
				50E75A791CE636B800D93848 /* Info.plist */,
			);
			name = "Supporting Files";
			sourceTree = "<group>";
		};
		50E75A5E1CE636B800D93848 = {
			isa = PBXGroup;
			children = (
				50E75A691CE636B800D93848 /* FavoriteMovies */,
				50E75A811CE636B800D93848 /* FavoriteMoviesTests */,
				50E75A8C1CE636B800D93848 /* FavoriteMoviesUITests */,
				50E75A681CE636B800D93848 /* Products */,
			);
			sourceTree = "<group>";
		};
		50E75A681CE636B800D93848 /* Products */ = {
			isa = PBXGroup;
			children = (
				50E75A671CE636B800D93848 /* FavoriteMovies.app */,
				50E75A7E1CE636B800D93848 /* FavoriteMoviesTests.xctest */,
				50E75A891CE636B800D93848 /* FavoriteMoviesUITests.xctest */,
			);
			name = Products;
			sourceTree = "<group>";
		};
		50E75A691CE636B800D93848 /* FavoriteMovies */ = {
			isa = PBXGroup;
			children = (
				50B1A5331CE98D0E00390BE2 /* Model */,
				50B1A5341CE98D1600390BE2 /* View */,
				50B1A5351CE98D1D00390BE2 /* Controller */,
				50B1A5361CE98D3C00390BE2 /* Supporting Files */,
			);
			path = FavoriteMovies;
			sourceTree = "<group>";
		};
		50E75A811CE636B800D93848 /* FavoriteMoviesTests */ = {
			isa = PBXGroup;
			children = (
				50E75A821CE636B800D93848 /* FavoriteMoviesTests.swift */,
				50E75A841CE636B800D93848 /* Info.plist */,
			);
			path = FavoriteMoviesTests;
			sourceTree = "<group>";
		};
		50E75A8C1CE636B800D93848 /* FavoriteMoviesUITests */ = {
			isa = PBXGroup;
			children = (
				50E75A8D1CE636B800D93848 /* FavoriteMoviesUITests.swift */,
				50E75A8F1CE636B800D93848 /* Info.plist */,
			);
			path = FavoriteMoviesUITests;
			sourceTree = "<group>";
		};
/* End PBXGroup section */

/* Begin PBXNativeTarget section */
		50E75A661CE636B800D93848 /* FavoriteMovies */ = {
			isa = PBXNativeTarget;
			buildConfigurationList = 50E75A921CE636B800D93848 /* Build configuration list for PBXNativeTarget "FavoriteMovies" */;
			buildPhases = (
				50E75A631CE636B800D93848 /* Sources */,
				50E75A641CE636B800D93848 /* Frameworks */,
				50E75A651CE636B800D93848 /* Resources */,
			);
			buildRules = (
			);
			dependencies = (
			);
			name = FavoriteMovies;
			productName = FavoriteMovies;
			productReference = 50E75A671CE636B800D93848 /* FavoriteMovies.app */;
			productType = "com.apple.product-type.application";
		};
		50E75A7D1CE636B800D93848 /* FavoriteMoviesTests */ = {
			isa = PBXNativeTarget;
			buildConfigurationList = 50E75A951CE636B800D93848 /* Build configuration list for PBXNativeTarget "FavoriteMoviesTests" */;
			buildPhases = (
				50E75A7A1CE636B800D93848 /* Sources */,
				50E75A7B1CE636B800D93848 /* Frameworks */,
				50E75A7C1CE636B800D93848 /* Resources */,
			);
			buildRules = (
			);
			dependencies = (
				50E75A801CE636B800D93848 /* PBXTargetDependency */,
			);
			name = FavoriteMoviesTests;
			productName = FavoriteMoviesTests;
			productReference = 50E75A7E1CE636B800D93848 /* FavoriteMoviesTests.xctest */;
			productType = "com.apple.product-type.bundle.unit-test";
		};
		50E75A881CE636B800D93848 /* FavoriteMoviesUITests */ = {
			isa = PBXNativeTarget;
			buildConfigurationList = 50E75A981CE636B800D93848 /* Build configuration list for PBXNativeTarget "FavoriteMoviesUITests" */;
			buildPhases = (
				50E75A851CE636B800D93848 /* Sources */,
				50E75A861CE636B800D93848 /* Frameworks */,
				50E75A871CE636B800D93848 /* Resources */,
			);
			buildRules = (
			);
			dependencies = (
				50E75A8B1CE636B800D93848 /* PBXTargetDependency */,
			);
			name = FavoriteMoviesUITests;
			productName = FavoriteMoviesUITests;
			productReference = 50E75A891CE636B800D93848 /* FavoriteMoviesUITests.xctest */;
			productType = "com.apple.product-type.bundle.ui-testing";
		};
/* End PBXNativeTarget section */

/* Begin PBXProject section */
		50E75A5F1CE636B800D93848 /* Project object */ = {
			isa = PBXProject;
			attributes = {
				LastSwiftUpdateCheck = 0730;
				LastUpgradeCheck = 0730;
				ORGANIZATIONNAME = "Damian Ortiz";
				TargetAttributes = {
					50E75A661CE636B800D93848 = {
						CreatedOnToolsVersion = 7.3;
					};
					50E75A7D1CE636B800D93848 = {
						CreatedOnToolsVersion = 7.3;
						TestTargetID = 50E75A661CE636B800D93848;
					};
					50E75A881CE636B800D93848 = {
						CreatedOnToolsVersion = 7.3;
						TestTargetID = 50E75A661CE636B800D93848;
					};
				};
			};
			buildConfigurationList = 50E75A621CE636B800D93848 /* Build configuration list for PBXProject "FavoriteMovies" */;
			compatibilityVersion = "Xcode 3.2";
			developmentRegion = English;
			hasScannedForEncodings = 0;
			knownRegions = (
				en,
				Base,
			);
			mainGroup = 50E75A5E1CE636B800D93848;
			productRefGroup = 50E75A681CE636B800D93848 /* Products */;
			projectDirPath = "";
			projectRoot = "";
			targets = (
				50E75A661CE636B800D93848 /* FavoriteMovies */,
				50E75A7D1CE636B800D93848 /* FavoriteMoviesTests */,
				50E75A881CE636B800D93848 /* FavoriteMoviesUITests */,
			);
		};
/* End PBXProject section */

/* Begin PBXResourcesBuildPhase section */
		50E75A651CE636B800D93848 /* Resources */ = {
			isa = PBXResourcesBuildPhase;
			buildActionMask = 2147483647;
			files = (
				50E75A781CE636B800D93848 /* LaunchScreen.storyboard in Resources */,
				50E75A751CE636B800D93848 /* Assets.xcassets in Resources */,
				50E75A701CE636B800D93848 /* Main.storyboard in Resources */,
			);
			runOnlyForDeploymentPostprocessing = 0;
		};
		50E75A7C1CE636B800D93848 /* Resources */ = {
			isa = PBXResourcesBuildPhase;
			buildActionMask = 2147483647;
			files = (
			);
			runOnlyForDeploymentPostprocessing = 0;
		};
		50E75A871CE636B800D93848 /* Resources */ = {
			isa = PBXResourcesBuildPhase;
			buildActionMask = 2147483647;
			files = (
			);
			runOnlyForDeploymentPostprocessing = 0;
		};
/* End PBXResourcesBuildPhase section */

/* Begin PBXSourcesBuildPhase section */
		50E75A631CE636B800D93848 /* Sources */ = {
			isa = PBXSourcesBuildPhase;
			buildActionMask = 2147483647;
			files = (
				50B1A5301CE98CE900390BE2 /* TV_Shows_VC.swift in Sources */,
				50B1A5381CE98D9700390BE2 /* Search_VC.swift in Sources */,
				50B1A5321CE98CFF00390BE2 /* Movies_VC.swift in Sources */,
				50E75A731CE636B800D93848 /* FavoriteMovies.xcdatamodeld in Sources */,
				50E75A6B1CE636B800D93848 /* AppDelegate.swift in Sources */,
			);
			runOnlyForDeploymentPostprocessing = 0;
		};
		50E75A7A1CE636B800D93848 /* Sources */ = {
			isa = PBXSourcesBuildPhase;
			buildActionMask = 2147483647;
			files = (
				50E75A831CE636B800D93848 /* FavoriteMoviesTests.swift in Sources */,
			);
			runOnlyForDeploymentPostprocessing = 0;
		};
		50E75A851CE636B800D93848 /* Sources */ = {
			isa = PBXSourcesBuildPhase;
			buildActionMask = 2147483647;
			files = (
				50E75A8E1CE636B800D93848 /* FavoriteMoviesUITests.swift in Sources */,
			);
			runOnlyForDeploymentPostprocessing = 0;
		};
/* End PBXSourcesBuildPhase section */

/* Begin PBXTargetDependency section */
		50E75A801CE636B800D93848 /* PBXTargetDependency */ = {
			isa = PBXTargetDependency;
			target = 50E75A661CE636B800D93848 /* FavoriteMovies */;
			targetProxy = 50E75A7F1CE636B800D93848 /* PBXContainerItemProxy */;
		};
		50E75A8B1CE636B800D93848 /* PBXTargetDependency */ = {
			isa = PBXTargetDependency;
			target = 50E75A661CE636B800D93848 /* FavoriteMovies */;
			targetProxy = 50E75A8A1CE636B800D93848 /* PBXContainerItemProxy */;
		};
/* End PBXTargetDependency section */

/* Begin PBXVariantGroup section */
		50E75A6E1CE636B800D93848 /* Main.storyboard */ = {
			isa = PBXVariantGroup;
			children = (
				50E75A6F1CE636B800D93848 /* Base */,
			);
			name = Main.storyboard;
			sourceTree = "<group>";
		};
		50E75A761CE636B800D93848 /* LaunchScreen.storyboard */ = {
			isa = PBXVariantGroup;
			children = (
				50E75A771CE636B800D93848 /* Base */,
			);
			name = LaunchScreen.storyboard;
			sourceTree = "<group>";
		};
/* End PBXVariantGroup section */

/* Begin XCBuildConfiguration section */
		50E75A901CE636B800D93848 /* Debug */ = {
			isa = XCBuildConfiguration;
			buildSettings = {
				ALWAYS_SEARCH_USER_PATHS = NO;
				CLANG_ANALYZER_NONNULL = YES;
				CLANG_CXX_LANGUAGE_STANDARD = "gnu++0x";
				CLANG_CXX_LIBRARY = "libc++";
				CLANG_ENABLE_MODULES = YES;
				CLANG_ENABLE_OBJC_ARC = YES;
				CLANG_WARN_BOOL_CONVERSION = YES;
				CLANG_WARN_CONSTANT_CONVERSION = YES;
				CLANG_WARN_DIRECT_OBJC_ISA_USAGE = YES_ERROR;
				CLANG_WARN_EMPTY_BODY = YES;
				CLANG_WARN_ENUM_CONVERSION = YES;
				CLANG_WARN_INT_CONVERSION = YES;
				CLANG_WARN_OBJC_ROOT_CLASS = YES_ERROR;
				CLANG_WARN_UNREACHABLE_CODE = YES;
				CLANG_WARN__DUPLICATE_METHOD_MATCH = YES;
				"CODE_SIGN_IDENTITY[sdk=iphoneos*]" = "iPhone Developer";
				COPY_PHASE_STRIP = NO;
				DEBUG_INFORMATION_FORMAT = dwarf;
				ENABLE_STRICT_OBJC_MSGSEND = YES;
				ENABLE_TESTABILITY = YES;
				GCC_C_LANGUAGE_STANDARD = gnu99;
				GCC_DYNAMIC_NO_PIC = NO;
				GCC_NO_COMMON_BLOCKS = YES;
				GCC_OPTIMIZATION_LEVEL = 0;
				GCC_PREPROCESSOR_DEFINITIONS = (
					"DEBUG=1",
					"$(inherited)",
				);
				GCC_WARN_64_TO_32_BIT_CONVERSION = YES;
				GCC_WARN_ABOUT_RETURN_TYPE = YES_ERROR;
				GCC_WARN_UNDECLARED_SELECTOR = YES;
				GCC_WARN_UNINITIALIZED_AUTOS = YES_AGGRESSIVE;
				GCC_WARN_UNUSED_FUNCTION = YES;
				GCC_WARN_UNUSED_VARIABLE = YES;
				IPHONEOS_DEPLOYMENT_TARGET = 9.3;
				MTL_ENABLE_DEBUG_INFO = YES;
				ONLY_ACTIVE_ARCH = YES;
				SDKROOT = iphoneos;
				SWIFT_OPTIMIZATION_LEVEL = "-Onone";
				TARGETED_DEVICE_FAMILY = "1,2";
			};
			name = Debug;
		};
		50E75A911CE636B800D93848 /* Release */ = {
			isa = XCBuildConfiguration;
			buildSettings = {
				ALWAYS_SEARCH_USER_PATHS = NO;
				CLANG_ANALYZER_NONNULL = YES;
				CLANG_CXX_LANGUAGE_STANDARD = "gnu++0x";
				CLANG_CXX_LIBRARY = "libc++";
				CLANG_ENABLE_MODULES = YES;
				CLANG_ENABLE_OBJC_ARC = YES;
				CLANG_WARN_BOOL_CONVERSION = YES;
				CLANG_WARN_CONSTANT_CONVERSION = YES;
				CLANG_WARN_DIRECT_OBJC_ISA_USAGE = YES_ERROR;
				CLANG_WARN_EMPTY_BODY = YES;
				CLANG_WARN_ENUM_CONVERSION = YES;
				CLANG_WARN_INT_CONVERSION = YES;
				CLANG_WARN_OBJC_ROOT_CLASS = YES_ERROR;
				CLANG_WARN_UNREACHABLE_CODE = YES;
				CLANG_WARN__DUPLICATE_METHOD_MATCH = YES;
				"CODE_SIGN_IDENTITY[sdk=iphoneos*]" = "iPhone Developer";
				COPY_PHASE_STRIP = NO;
				DEBUG_INFORMATION_FORMAT = "dwarf-with-dsym";
				ENABLE_NS_ASSERTIONS = NO;
				ENABLE_STRICT_OBJC_MSGSEND = YES;
				GCC_C_LANGUAGE_STANDARD = gnu99;
				GCC_NO_COMMON_BLOCKS = YES;
				GCC_WARN_64_TO_32_BIT_CONVERSION = YES;
				GCC_WARN_ABOUT_RETURN_TYPE = YES_ERROR;
				GCC_WARN_UNDECLARED_SELECTOR = YES;
				GCC_WARN_UNINITIALIZED_AUTOS = YES_AGGRESSIVE;
				GCC_WARN_UNUSED_FUNCTION = YES;
				GCC_WARN_UNUSED_VARIABLE = YES;
				IPHONEOS_DEPLOYMENT_TARGET = 9.3;
				MTL_ENABLE_DEBUG_INFO = NO;
				SDKROOT = iphoneos;
				TARGETED_DEVICE_FAMILY = "1,2";
				VALIDATE_PRODUCT = YES;
			};
			name = Release;
		};
		50E75A931CE636B800D93848 /* Debug */ = {
			isa = XCBuildConfiguration;
			buildSettings = {
				ASSETCATALOG_COMPILER_APPICON_NAME = AppIcon;
				INFOPLIST_FILE = FavoriteMovies/Info.plist;
				IPHONEOS_DEPLOYMENT_TARGET = 9.0;
				LD_RUNPATH_SEARCH_PATHS = "$(inherited) @executable_path/Frameworks";
				PRODUCT_BUNDLE_IDENTIFIER = DamianOH.FavoriteMovies;
				PRODUCT_NAME = "$(TARGET_NAME)";
			};
			name = Debug;
		};
		50E75A941CE636B800D93848 /* Release */ = {
			isa = XCBuildConfiguration;
			buildSettings = {
				ASSETCATALOG_COMPILER_APPICON_NAME = AppIcon;
				INFOPLIST_FILE = FavoriteMovies/Info.plist;
				IPHONEOS_DEPLOYMENT_TARGET = 9.0;
				LD_RUNPATH_SEARCH_PATHS = "$(inherited) @executable_path/Frameworks";
				PRODUCT_BUNDLE_IDENTIFIER = DamianOH.FavoriteMovies;
				PRODUCT_NAME = "$(TARGET_NAME)";
			};
			name = Release;
		};
		50E75A961CE636B800D93848 /* Debug */ = {
			isa = XCBuildConfiguration;
			buildSettings = {
				BUNDLE_LOADER = "$(TEST_HOST)";
				INFOPLIST_FILE = FavoriteMoviesTests/Info.plist;
				LD_RUNPATH_SEARCH_PATHS = "$(inherited) @executable_path/Frameworks @loader_path/Frameworks";
				PRODUCT_BUNDLE_IDENTIFIER = DamianOH.FavoriteMoviesTests;
				PRODUCT_NAME = "$(TARGET_NAME)";
				TEST_HOST = "$(BUILT_PRODUCTS_DIR)/FavoriteMovies.app/FavoriteMovies";
			};
			name = Debug;
		};
		50E75A971CE636B800D93848 /* Release */ = {
			isa = XCBuildConfiguration;
			buildSettings = {
				BUNDLE_LOADER = "$(TEST_HOST)";
				INFOPLIST_FILE = FavoriteMoviesTests/Info.plist;
				LD_RUNPATH_SEARCH_PATHS = "$(inherited) @executable_path/Frameworks @loader_path/Frameworks";
				PRODUCT_BUNDLE_IDENTIFIER = DamianOH.FavoriteMoviesTests;
				PRODUCT_NAME = "$(TARGET_NAME)";
				TEST_HOST = "$(BUILT_PRODUCTS_DIR)/FavoriteMovies.app/FavoriteMovies";
			};
			name = Release;
		};
		50E75A991CE636B800D93848 /* Debug */ = {
			isa = XCBuildConfiguration;
			buildSettings = {
				INFOPLIST_FILE = FavoriteMoviesUITests/Info.plist;
				LD_RUNPATH_SEARCH_PATHS = "$(inherited) @executable_path/Frameworks @loader_path/Frameworks";
				PRODUCT_BUNDLE_IDENTIFIER = DamianOH.FavoriteMoviesUITests;
				PRODUCT_NAME = "$(TARGET_NAME)";
				TEST_TARGET_NAME = FavoriteMovies;
			};
			name = Debug;
		};
		50E75A9A1CE636B800D93848 /* Release */ = {
			isa = XCBuildConfiguration;
			buildSettings = {
				INFOPLIST_FILE = FavoriteMoviesUITests/Info.plist;
				LD_RUNPATH_SEARCH_PATHS = "$(inherited) @executable_path/Frameworks @loader_path/Frameworks";
				PRODUCT_BUNDLE_IDENTIFIER = DamianOH.FavoriteMoviesUITests;
				PRODUCT_NAME = "$(TARGET_NAME)";
				TEST_TARGET_NAME = FavoriteMovies;
			};
			name = Release;
		};
/* End XCBuildConfiguration section */

/* Begin XCConfigurationList section */
		50E75A621CE636B800D93848 /* Build configuration list for PBXProject "FavoriteMovies" */ = {
			isa = XCConfigurationList;
			buildConfigurations = (
				50E75A901CE636B800D93848 /* Debug */,
				50E75A911CE636B800D93848 /* Release */,
			);
			defaultConfigurationIsVisible = 0;
			defaultConfigurationName = Release;
		};
		50E75A921CE636B800D93848 /* Build configuration list for PBXNativeTarget "FavoriteMovies" */ = {
			isa = XCConfigurationList;
			buildConfigurations = (
				50E75A931CE636B800D93848 /* Debug */,
				50E75A941CE636B800D93848 /* Release */,
			);
			defaultConfigurationIsVisible = 0;
			defaultConfigurationName = Release;
		};
		50E75A951CE636B800D93848 /* Build configuration list for PBXNativeTarget "FavoriteMoviesTests" */ = {
			isa = XCConfigurationList;
			buildConfigurations = (
				50E75A961CE636B800D93848 /* Debug */,
				50E75A971CE636B800D93848 /* Release */,
			);
			defaultConfigurationIsVisible = 0;
			defaultConfigurationName = Release;
		};
		50E75A981CE636B800D93848 /* Build configuration list for PBXNativeTarget "FavoriteMoviesUITests" */ = {
			isa = XCConfigurationList;
			buildConfigurations = (
				50E75A991CE636B800D93848 /* Debug */,
				50E75A9A1CE636B800D93848 /* Release */,
			);
			defaultConfigurationIsVisible = 0;
			defaultConfigurationName = Release;
		};
/* End XCConfigurationList section */

/* Begin XCVersionGroup section */
		50E75A711CE636B800D93848 /* FavoriteMovies.xcdatamodeld */ = {
			isa = XCVersionGroup;
			children = (
				50E75A721CE636B800D93848 /* FavoriteMovies.xcdatamodel */,
			);
			currentVersion = 50E75A721CE636B800D93848 /* FavoriteMovies.xcdatamodel */;
			path = FavoriteMovies.xcdatamodeld;
			sourceTree = "<group>";
			versionGroupType = wrapper.xcdatamodel;
		};
/* End XCVersionGroup section */
	};
	rootObject = 50E75A5F1CE636B800D93848 /* Project object */;
}
